
Microsoft Visual Studio Solution File, Format Version 12.00
# Visual Studio Version 17
VisualStudioVersion = 17.8.34525.116
MinimumVisualStudioVersion = 10.0.40219.1
Project("{FAE04EC0-301F-11D3-BF4B-00C04F79EFBC}") = "Rclone_Daemon", "Rclone_Daemon\Rclone_Daemon.csproj", "{183D266C-CBA0-494C-A9C4-9E33D589CBE4}"
EndProject
Global
	GlobalSection(SolutionConfigurationPlatforms) = preSolution
		Debug|Any CPU = Debug|Any CPU
		Release|Any CPU = Release|Any CPU
	EndGlobalSection
	GlobalSection(ProjectConfigurationPlatforms) = postSolution
		{183D266C-CBA0-494C-A9C4-9E33D589CBE4}.Debug|Any CPU.ActiveCfg = Debug|Any CPU
		{183D266C-CBA0-494C-A9C4-9E33D589CBE4}.Debug|Any CPU.Build.0 = Debug|Any CPU
		{183D266C-CBA0-494C-A9C4-9E33D589CBE4}.Release|Any CPU.ActiveCfg = Release|Any CPU
		{183D266C-CBA0-494C-A9C4-9E33D589CBE4}.Release|Any CPU.Build.0 = Release|Any CPU
	EndGlobalSection
	GlobalSection(SolutionProperties) = preSolution
		HideSolutionNode = FALSE
	EndGlobalSection
	GlobalSection(ExtensibilityGlobals) = postSolution
		SolutionGuid = {3FFD0908-A4C0-4121-B706-EBB196147A30}
	EndGlobalSection
EndGlobal
